# This file is autogenerated, do not edit; changes may be undone by the next 'dep ensure'.


[[projects]]
  branch = "master"
  digest = "1:b43e0e415f9d4939d2296b8a9ef46c201531bb493dec5ed627f972cbde51e6a4"
  name = "github.com/3d0c/gmf"
  packages = ["."]
  pruneopts = "UT"
  revision = "a3fbc6768fbb8bf7af1d4e7eeb815f303b3dd83f"

[[projects]]
  digest = "1:847c39ca9f58d92a71881c1f317374bb56e279721f28b838b3947225698c0ea0"
  name = "github.com/IBM/go-sdk-core"
  packages = ["core"]
  pruneopts = "UT"
  revision = "78724a3dd39ea71c9d78779485954c21662b50bb"
  version = "v0.3.0"

[[projects]]
  digest = "1:e1ff887e232b2d8f4f7c7db15a5fac7be418025afc4dda53c59c765dbb5aa6b4"
  name = "github.com/go-playground/locales"
  packages = [
    ".",
    "currency",
  ]
  pruneopts = "UT"
  revision = "f63010822830b6fe52288ee52d5a1151088ce039"
  version = "v0.12.1"

[[projects]]
  digest = "1:e022cf244bcac1b6ef933f1a2e0adcf6a6dfd7b872d8d41e4d4179bb09a87cbc"
  name = "github.com/go-playground/universal-translator"
  packages = ["."]
  pruneopts = "UT"
  revision = "b32fa301c9fe55953584134cb6853a13c87ec0a1"
  version = "v0.16.0"

[[projects]]
  digest = "1:c79fb010be38a59d657c48c6ba1d003a8aa651fa56b579d959d74573b7dff8e1"
  name = "github.com/gorilla/context"
  packages = ["."]
  pruneopts = "UT"
  revision = "08b5f424b9271eedf6f9f0ce86cb9396ed337a42"
  version = "v1.1.1"

[[projects]]
  digest = "1:7b5c6e2eeaa9ae5907c391a91c132abfd5c9e8a784a341b5625e750c67e6825d"
  name = "github.com/gorilla/websocket"
  packages = ["."]
  pruneopts = "UT"
  revision = "66b9c49e59c6c48f0ffce28c2d8b8a5678502c6d"
  version = "v1.4.0"

[[projects]]
  branch = "master"
  digest = "1:aeaa06c7100ea9a9fa4573e665e9051270d50b408484985685b5bef0740abdef"
  name = "github.com/haisum/recaptcha"
  packages = ["."]
  pruneopts = "UT"
  revision = "7d3b8053900e7a0f549a11e800649a5fa950700f"

[[projects]]
  digest = "1:f97285a3b0a496dcf8801072622230d513f69175665d94de60eb042d03387f6c"
  name = "github.com/julienschmidt/httprouter"
  packages = ["."]
  pruneopts = "UT"
  revision = "348b672cd90d8190f8240323e372ecd1e66b59dc"
  version = "v1.2.0"

[[projects]]
  branch = "master"
  digest = "1:e74fa8e635591eb1ad79e8e711bff8bea4e12e9737563daf12af325c6ea206e4"
  name = "github.com/justinas/alice"
  packages = ["."]
  pruneopts = "UT"
  revision = "03f45bd4b7dad4734bc4620e46a35789349abb20"

[[projects]]
  digest = "1:6782ffc812e8e700e6952ede1e60487ff1fd9da489eff762985be662a7cfc431"
  name = "github.com/leodido/go-urn"
  packages = ["."]
  pruneopts = "UT"
  revision = "70078a794e8ea4b497ba7c19a78cd60f90ccf0f4"
  version = "v1.1.0"

[[projects]]
  digest = "1:ec07a042c798ae7a33486b70a98497be299d4e30195556f644be0f8c681b5d1b"
  name = "github.com/watson-developer-cloud/go-sdk"
  packages = [
    "common",
    "speechtotextv1",
  ]
  pruneopts = "UT"
  revision = "f8e9b3c1b5875243b92ccbe871dcc0c76206cbd3"
  version = "v0.8.0"

[[projects]]
  digest = "1:ee2db1a4b9111947da887ff2f8972dd2cc80906e521a2d856901fa699b4b51ee"
  name = "gopkg.in/go-playground/validator.v9"
  packages = ["."]
  pruneopts = "UT"
  revision = "884d31b8cad6a1ec877f2400d555924cea03bbea"
  version = "v9.29.0"

[solve-meta]
  analyzer-name = "dep"
  analyzer-version = 1
  input-imports = [
    "github.com/3d0c/gmf",
    "github.com/gorilla/context",
    "github.com/gorilla/websocket",
    "github.com/haisum/recaptcha",
    "github.com/julienschmidt/httprouter",
    "github.com/justinas/alice",
    "github.com/watson-developer-cloud/go-sdk/speechtotextv1",
  ]
  solver-name = "gps-cdcl"
  solver-version = 1
